# Generated by pub
# See https://dart.dev/tools/pub/glossary#lockfile
packages:
  _flutterfire_internals:
    dependency: transitive
    description:
      name: _flutterfire_internals
      sha256: "37a42d06068e2fe3deddb2da079a8c4d105f241225ba27b7122b37e9865fd8f7"
      url: "https://pub.dev"
    source: hosted
    version: "1.3.35"
  ansicolor:
    dependency: transitive
    description:
      name: ansicolor
      sha256: "8bf17a8ff6ea17499e40a2d2542c2f481cd7615760c6d34065cb22bfd22e6880"
      url: "https://pub.dev"
    source: hosted
    version: "2.0.2"
  app_settings:
    dependency: "direct main"
    description:
      name: app_settings
      sha256: "7a5b880e2dd41dba8877108180380a1d28d874c231f7c0f9022127a4061b88e1"
      url: "https://pub.dev"
    source: hosted
    version: "4.1.8"
  app_tracking_transparency:
    dependency: "direct main"
    description:
      name: app_tracking_transparency
      sha256: "64d9745931e565790abdea91b518ac8dc3cebe6d0d0aaf7119343271b983259a"
      url: "https://pub.dev"
    source: hosted
    version: "2.0.6"
  archive:
    dependency: transitive
    description:
      name: archive
      sha256: cb6a278ef2dbb298455e1a713bda08524a175630ec643a242c399c932a0a1f7d
      url: "https://pub.dev"
    source: hosted
    version: "3.6.1"
  args:
    dependency: transitive
    description:
      name: args
      sha256: "7cf60b9f0cc88203c5a190b4cd62a99feea42759a7fa695010eb5de1c0b2252a"
      url: "https://pub.dev"
    source: hosted
    version: "2.5.0"
  asn1lib:
    dependency: transitive
    description:
      name: asn1lib
      sha256: "58082b3f0dca697204dbab0ef9ff208bfaea7767ea771076af9a343488428dda"
      url: "https://pub.dev"
    source: hosted
    version: "1.5.3"
  async:
    dependency: transitive
    description:
      name: async
      sha256: "947bfcf187f74dbc5e146c9eb9c0f10c9f8b30743e341481c1e2ed3ecc18c20c"
      url: "https://pub.dev"
    source: hosted
    version: "2.11.0"
  audio_session:
    dependency: transitive
    description:
      name: audio_session
      sha256: "343e83bc7809fbda2591a49e525d6b63213ade10c76f15813be9aed6657b3261"
      url: "https://pub.dev"
    source: hosted
    version: "0.1.21"
  boolean_selector:
    dependency: transitive
    description:
      name: boolean_selector
      sha256: "6cfb5af12253eaf2b368f07bacc5a80d1301a071c73360d746b7f2e32d762c66"
      url: "https://pub.dev"
    source: hosted
    version: "2.1.1"
  cached_network_image:
    dependency: transitive
    description:
      name: cached_network_image
      sha256: "4a5d8d2c728b0f3d0245f69f921d7be90cae4c2fd5288f773088672c0893f819"
      url: "https://pub.dev"
    source: hosted
    version: "3.4.0"
  cached_network_image_platform_interface:
    dependency: transitive
    description:
      name: cached_network_image_platform_interface
      sha256: ff0c949e323d2a1b52be73acce5b4a7b04063e61414c8ca542dbba47281630a7
      url: "https://pub.dev"
    source: hosted
    version: "4.1.0"
  cached_network_image_web:
    dependency: transitive
    description:
      name: cached_network_image_web
      sha256: "6322dde7a5ad92202e64df659241104a43db20ed594c41ca18de1014598d7996"
      url: "https://pub.dev"
    source: hosted
    version: "1.3.0"
  characters:
    dependency: transitive
    description:
      name: characters
      sha256: "04a925763edad70e8443c99234dc3328f442e811f1d8fd1a72f1c8ad0f69a605"
      url: "https://pub.dev"
    source: hosted
    version: "1.3.0"
  chewie:
    dependency: transitive
    description:
      name: chewie
      sha256: "1fc84d88d3b1dc26b1fe799500e2ebcc8916af30ce62595ad802cfd965b60bc3"
      url: "https://pub.dev"
    source: hosted
    version: "1.8.0"
  clock:
    dependency: transitive
    description:
      name: clock
      sha256: cb6d7f03e1de671e34607e909a7213e31d7752be4fb66a86d29fe1eb14bfb5cf
      url: "https://pub.dev"
    source: hosted
    version: "1.1.1"
  collection:
    dependency: transitive
    description:
      name: collection
      sha256: ee67cb0715911d28db6bf4af1026078bd6f0128b07a5f66fb2ed94ec6783c09a
      url: "https://pub.dev"
    source: hosted
    version: "1.18.0"
  convert:
    dependency: transitive
    description:
      name: convert
      sha256: "0f08b14755d163f6e2134cb58222dd25ea2a2ee8a195e53983d57c075324d592"
      url: "https://pub.dev"
    source: hosted
    version: "3.1.1"
  crypto:
    dependency: transitive
    description:
      name: crypto
      sha256: ff625774173754681d66daaf4a448684fb04b78f902da9cb3d308c19cc5e8bab
      url: "https://pub.dev"
    source: hosted
    version: "3.0.3"
  csslib:
    dependency: transitive
    description:
      name: csslib
      sha256: "831883fb353c8bdc1d71979e5b342c7d88acfbc643113c14ae51e2442ea0f20f"
      url: "https://pub.dev"
    source: hosted
    version: "0.17.3"
  cupertino_icons:
    dependency: "direct main"
    description:
      name: cupertino_icons
      sha256: ba631d1c7f7bef6b729a622b7b752645a2d076dba9976925b8f25725a30e1ee6
      url: "https://pub.dev"
    source: hosted
    version: "1.0.8"
  custom_social_share:
    dependency: "direct main"
    description:
      name: custom_social_share
      sha256: ef5da222b24e411ff2e056a064248deac8b79cc9223fc2f206a611fff255a6f2
      url: "https://pub.dev"
    source: hosted
    version: "1.0.9"
  dbus:
    dependency: transitive
    description:
      name: dbus
      sha256: "365c771ac3b0e58845f39ec6deebc76e3276aa9922b0cc60840712094d9047ac"
      url: "https://pub.dev"
    source: hosted
    version: "0.7.10"
  dio:
    dependency: "direct main"
    description:
      name: dio
      sha256: e17f6b3097b8c51b72c74c9f071a605c47bcc8893839bd66732457a5ebe73714
      url: "https://pub.dev"
    source: hosted
    version: "5.5.0+1"
  dio_web_adapter:
    dependency: transitive
    description:
      name: dio_web_adapter
      sha256: "36c5b2d79eb17cdae41e974b7a8284fec631651d2a6f39a8a2ff22327e90aeac"
      url: "https://pub.dev"
    source: hosted
    version: "1.0.1"
  dropdown_button2:
    dependency: "direct main"
    description:
      name: dropdown_button2
      sha256: b0fe8d49a030315e9eef6c7ac84ca964250155a6224d491c1365061bc974a9e1
      url: "https://pub.dev"
    source: hosted
    version: "2.3.9"
  encrypt:
    dependency: "direct main"
    description:
      name: encrypt
      sha256: "62d9aa4670cc2a8798bab89b39fc71b6dfbacf615de6cf5001fb39f7e4a996a2"
      url: "https://pub.dev"
    source: hosted
    version: "5.0.3"
  encrypted_shared_preferences:
    dependency: "direct main"
    description:
      name: encrypted_shared_preferences
      sha256: f4109e4d176a81b203ee120b79b30c1ab93dfd9eee03cac5b8c10a888c231639
      url: "https://pub.dev"
    source: hosted
    version: "3.0.1"
  expandable_page_view:
    dependency: "direct main"
    description:
      name: expandable_page_view
      sha256: "210dc6961cfc29f7ed42867824eb699c9a4b9b198a7c04b8bdc1c05844969dc6"
      url: "https://pub.dev"
    source: hosted
    version: "1.0.17"
  extended_sliver:
    dependency: "direct main"
    description:
      name: extended_sliver
      sha256: "2198476e535aa0210656a9cf8b59331bf860bb543ac2431c5ec8d49bd76a310d"
      url: "https://pub.dev"
    source: hosted
    version: "2.1.3"
  fake_async:
    dependency: transitive
    description:
      name: fake_async
      sha256: "511392330127add0b769b75a987850d136345d9227c6b94c96a04cf4a391bf78"
      url: "https://pub.dev"
    source: hosted
    version: "1.3.1"
  ffi:
    dependency: transitive
    description:
      name: ffi
      sha256: "493f37e7df1804778ff3a53bd691d8692ddf69702cf4c1c1096a2e41b4779e21"
      url: "https://pub.dev"
    source: hosted
    version: "2.1.2"
  file:
    dependency: transitive
    description:
      name: file
      sha256: "5fc22d7c25582e38ad9a8515372cd9a93834027aacf1801cf01164dac0ffa08c"
      url: "https://pub.dev"
    source: hosted
    version: "7.0.0"
  firebase_analytics:
    dependency: "direct main"
    description:
      name: firebase_analytics
      sha256: dbf1e7ab22cfb1f4a4adb103b46a26276b4edc593d4a78ef6fb942bafc92e035
      url: "https://pub.dev"
    source: hosted
    version: "10.10.7"
  firebase_analytics_platform_interface:
    dependency: transitive
    description:
      name: firebase_analytics_platform_interface
      sha256: "3729b74f8cf1d974a27ba70332ecb55ff5ff560edc8164a6469f4a055b429c37"
      url: "https://pub.dev"
    source: hosted
    version: "3.10.8"
  firebase_analytics_web:
    dependency: transitive
    description:
      name: firebase_analytics_web
      sha256: "019cd7eee74254d33fbd2e29229367ce33063516bf6b3258a341d89e3b0f1655"
      url: "https://pub.dev"
    source: hosted
    version: "0.5.7+7"
  firebase_core:
    dependency: "direct main"
    description:
      name: firebase_core
      sha256: "26de145bb9688a90962faec6f838247377b0b0d32cc0abecd9a4e43525fc856c"
      url: "https://pub.dev"
    source: hosted
    version: "2.32.0"
  firebase_core_platform_interface:
    dependency: transitive
    description:
      name: firebase_core_platform_interface
      sha256: "3c3a1e92d6f4916c32deea79c4a7587aa0e9dbbe5889c7a16afcf005a485ee02"
      url: "https://pub.dev"
    source: hosted
    version: "5.2.0"
  firebase_core_web:
    dependency: transitive
    description:
      name: firebase_core_web
      sha256: e8d1e22de72cb21cdcfc5eed7acddab3e99cd83f3b317f54f7a96c32f25fd11e
      url: "https://pub.dev"
    source: hosted
    version: "2.17.4"
  firebase_crashlytics:
    dependency: "direct main"
    description:
      name: firebase_crashlytics
      sha256: "9897c01efaa950d2f6da8317d12452749a74dc45f33b46390a14cfe28067f271"
      url: "https://pub.dev"
    source: hosted
    version: "3.5.7"
  firebase_crashlytics_platform_interface:
    dependency: transitive
    description:
      name: firebase_crashlytics_platform_interface
      sha256: "16a71e08fbf6e00382816e1b13397898c29a54fa0ad969c2c2a3b82a704877f0"
      url: "https://pub.dev"
    source: hosted
    version: "3.6.35"
  firebase_database:
    dependency: "direct main"
    description:
      name: firebase_database
      sha256: "3b9ca306d26ad243ccbc4c717ff6e8563a080ebe11ee77fa7349b419c894b42d"
      url: "https://pub.dev"
    source: hosted
    version: "10.5.7"
  firebase_database_platform_interface:
    dependency: transitive
    description:
      name: firebase_database_platform_interface
      sha256: "5864cc362275465e9bd682b243f19419c9d78b861c2db820241eea596ae3b320"
      url: "https://pub.dev"
    source: hosted
    version: "0.2.5+35"
  firebase_database_web:
    dependency: transitive
    description:
      name: firebase_database_web
      sha256: a6008395dd20e8b8dde0691b441c181a1216c3866f89f48dcb6889d34fd35905
      url: "https://pub.dev"
    source: hosted
    version: "0.2.5+7"
  firebase_dynamic_links:
    dependency: "direct main"
    description:
      name: firebase_dynamic_links
      sha256: "47b8c8a8546d8a7f9000edb90848549f20b137d814ee7e0407b3d43b8445e282"
      url: "https://pub.dev"
    source: hosted
    version: "5.5.7"
  firebase_dynamic_links_platform_interface:
    dependency: transitive
    description:
      name: firebase_dynamic_links_platform_interface
      sha256: "72e7810635f908ce060c5803c7acb29116c5b6befc73e90446c52722bc9506a2"
      url: "https://pub.dev"
    source: hosted
    version: "0.2.6+35"
  firebase_messaging:
    dependency: "direct main"
    description:
      name: firebase_messaging
      sha256: a1662cc95d9750a324ad9df349b873360af6f11414902021f130c68ec02267c4
      url: "https://pub.dev"
    source: hosted
    version: "14.9.4"
  firebase_messaging_platform_interface:
    dependency: transitive
    description:
      name: firebase_messaging_platform_interface
      sha256: "87c4a922cb6f811cfb7a889bdbb3622702443c52a0271636cbc90d813ceac147"
      url: "https://pub.dev"
    source: hosted
    version: "4.5.37"
  firebase_messaging_web:
    dependency: transitive
    description:
      name: firebase_messaging_web
      sha256: "0d34dca01a7b103ed7f20138bffbb28eb0e61a677bf9e78a028a932e2c7322d5"
      url: "https://pub.dev"
    source: hosted
    version: "3.8.7"
  firebase_remote_config:
    dependency: "direct main"
    description:
      name: firebase_remote_config
      sha256: "653bd94b68e2c4e89eca10db90576101f1024151f39f2d4e7c64ae6a90a5f9c5"
      url: "https://pub.dev"
    source: hosted
    version: "4.4.7"
  firebase_remote_config_platform_interface:
    dependency: transitive
    description:
      name: firebase_remote_config_platform_interface
      sha256: "24a2c445b15de3af7e4582ebceb2aa9a1e3731d0202cb3e7a1e03012440fa07d"
      url: "https://pub.dev"
    source: hosted
    version: "1.4.35"
  firebase_remote_config_web:
    dependency: transitive
    description:
      name: firebase_remote_config_web
      sha256: "525aa3000fd27cd023841c802010a06515e564aab2f147aa964b35f54abbf449"
      url: "https://pub.dev"
    source: hosted
    version: "1.6.7"
  fixnum:
    dependency: transitive
    description:
      name: fixnum
      sha256: "25517a4deb0c03aa0f32fd12db525856438902d9c16536311e76cdc57b31d7d1"
      url: "https://pub.dev"
    source: hosted
    version: "1.1.0"
  flutter:
    dependency: "direct main"
    description: flutter
    source: sdk
    version: "0.0.0"
  flutter_app_badger:
    dependency: "direct main"
    description:
      name: flutter_app_badger
      sha256: "64d4a279bab862ed28850431b9b446b9820aaae0bf363322d51077419f930fa8"
      url: "https://pub.dev"
    source: hosted
    version: "1.5.0"
  flutter_cache_manager:
    dependency: transitive
    description:
      name: flutter_cache_manager
      sha256: a77f77806a790eb9ba0118a5a3a936e81c4fea2b61533033b2b0c3d50bbde5ea
      url: "https://pub.dev"
    source: hosted
    version: "3.4.0"
  flutter_downloader:
    dependency: "direct main"
    description:
      name: flutter_downloader
      sha256: b6da5495b6258aa7c243d0f0a5281e3430b385bccac11cc508f981e653b25aa6
      url: "https://pub.dev"
    source: hosted
    version: "1.11.8"
  flutter_inappwebview:
    dependency: "direct main"
    description:
      name: flutter_inappwebview
      sha256: "3e9a443a18ecef966fb930c3a76ca5ab6a7aafc0c7b5e14a4a850cf107b09959"
      url: "https://pub.dev"
    source: hosted
    version: "6.0.0"
  flutter_inappwebview_android:
    dependency: transitive
    description:
      name: flutter_inappwebview_android
      sha256: d247f6ed417f1f8c364612fa05a2ecba7f775c8d0c044c1d3b9ee33a6515c421
      url: "https://pub.dev"
    source: hosted
    version: "1.0.13"
  flutter_inappwebview_internal_annotations:
    dependency: transitive
    description:
      name: flutter_inappwebview_internal_annotations
      sha256: "5f80fd30e208ddded7dbbcd0d569e7995f9f63d45ea3f548d8dd4c0b473fb4c8"
      url: "https://pub.dev"
    source: hosted
    version: "1.1.1"
  flutter_inappwebview_ios:
    dependency: transitive
    description:
      name: flutter_inappwebview_ios
      sha256: f363577208b97b10b319cd0c428555cd8493e88b468019a8c5635a0e4312bd0f
      url: "https://pub.dev"
    source: hosted
    version: "1.0.13"
  flutter_inappwebview_macos:
    dependency: transitive
    description:
      name: flutter_inappwebview_macos
      sha256: b55b9e506c549ce88e26580351d2c71d54f4825901666bd6cfa4be9415bb2636
      url: "https://pub.dev"
    source: hosted
    version: "1.0.11"
  flutter_inappwebview_platform_interface:
    dependency: transitive
    description:
      name: flutter_inappwebview_platform_interface
      sha256: "545fd4c25a07d2775f7d5af05a979b2cac4fbf79393b0a7f5d33ba39ba4f6187"
      url: "https://pub.dev"
    source: hosted
    version: "1.0.10"
  flutter_inappwebview_web:
    dependency: transitive
    description:
      name: flutter_inappwebview_web
      sha256: d8c680abfb6fec71609a700199635d38a744df0febd5544c5a020bd73de8ee07
      url: "https://pub.dev"
    source: hosted
    version: "1.0.8"
  flutter_jailbreak_detection:
    dependency: "direct main"
    description:
      name: flutter_jailbreak_detection
      sha256: "67ff11ea41965152d24db7104da1f9b343f94ada64c2a9e309ec4d753a12d281"
      url: "https://pub.dev"
    source: hosted
    version: "1.10.0"
  flutter_lints:
    dependency: "direct dev"
    description:
      name: flutter_lints
      sha256: "9e8c3858111da373efc5aa341de011d9bd23e2c5c5e0c62bccf32438e192d7b1"
      url: "https://pub.dev"
    source: hosted
    version: "3.0.2"
  flutter_local_notifications:
    dependency: "direct main"
    description:
      name: flutter_local_notifications
      sha256: "401643a6ea9d8451365f2ec11145335bf130560cfde367bdf8f0be6d60f89479"
      url: "https://pub.dev"
    source: hosted
    version: "15.1.3"
  flutter_local_notifications_linux:
    dependency: transitive
    description:
      name: flutter_local_notifications_linux
      sha256: c49bd06165cad9beeb79090b18cd1eb0296f4bf4b23b84426e37dd7c027fc3af
      url: "https://pub.dev"
    source: hosted
    version: "4.0.1"
  flutter_local_notifications_platform_interface:
    dependency: transitive
    description:
      name: flutter_local_notifications_platform_interface
      sha256: "85f8d07fe708c1bdcf45037f2c0109753b26ae077e9d9e899d55971711a4ea66"
      url: "https://pub.dev"
    source: hosted
    version: "7.2.0"
  flutter_native_splash:
    dependency: "direct main"
    description:
      name: flutter_native_splash
      sha256: aa06fec78de2190f3db4319dd60fdc8d12b2626e93ef9828633928c2dcaea840
      url: "https://pub.dev"
    source: hosted
    version: "2.4.1"
  flutter_naver_login:
    dependency: "direct main"
    description:
      name: flutter_naver_login
      sha256: "69d62da60e866b09894f2d632d7d1cb36eee17164b9e46e33d86ebee4b91cd42"
      url: "https://pub.dev"
    source: hosted
    version: "1.8.0"
  flutter_platform_widgets:
    dependency: "direct main"
    description:
      name: flutter_platform_widgets
      sha256: c483c0591d845d2adb84e341a1cfb746f1a8a7aff4c72a5957772446020601f4
      url: "https://pub.dev"
    source: hosted
    version: "6.1.0"
  flutter_share:
    dependency: "direct main"
    description:
      name: flutter_share
      sha256: ae12c1cea13b35926a109824ffac601531e40cb94ad53eeae58625eceb3eaaaa
      url: "https://pub.dev"
    source: hosted
    version: "2.0.0"
  flutter_staggered_grid_view:
    dependency: "direct main"
    description:
      name: flutter_staggered_grid_view
      sha256: "19e7abb550c96fbfeb546b23f3ff356ee7c59a019a651f8f102a4ba9b7349395"
      url: "https://pub.dev"
    source: hosted
    version: "0.7.0"
  flutter_svg:
    dependency: transitive
    description:
      name: flutter_svg
      sha256: "6ff9fa12892ae074092de2fa6a9938fb21dbabfdaa2ff57dc697ff912fc8d4b2"
      url: "https://pub.dev"
    source: hosted
    version: "1.1.6"
  flutter_test:
    dependency: "direct dev"
    description: flutter
    source: sdk
    version: "0.0.0"
  flutter_web_plugins:
    dependency: transitive
    description: flutter
    source: sdk
    version: "0.0.0"
  flutter_widget_from_html:
    dependency: "direct main"
    description:
      name: flutter_widget_from_html
      sha256: bc92fa62986a1d14bec92d26225bb7b37d581bd91efdad55158efa2eeb200b85
      url: "https://pub.dev"
    source: hosted
    version: "0.9.1"
  flutter_widget_from_html_core:
    dependency: transitive
    description:
      name: flutter_widget_from_html_core
      sha256: "296485e685b44ad7c6883372aebc56038a28b84f75e7a668bcd8bf01de881739"
      url: "https://pub.dev"
    source: hosted
    version: "0.9.1"
  fluttertoast:
    dependency: "direct main"
    description:
      name: fluttertoast
      sha256: "7eae679e596a44fdf761853a706f74979f8dd3cd92cf4e23cae161fda091b847"
      url: "https://pub.dev"
    source: hosted
    version: "8.2.6"
  fwfh_cached_network_image:
    dependency: transitive
    description:
      name: fwfh_cached_network_image
      sha256: "3de22aa3a6943c968e0d9fbcba4463b3dbbf7103171d62c84b6c672fb83eebdf"
      url: "https://pub.dev"
    source: hosted
    version: "0.7.0+7"
  fwfh_chewie:
    dependency: transitive
    description:
      name: fwfh_chewie
      sha256: "0b51a1c976bb74da5e8e45d545c74cb54a7168ad3938dd77103a7aee485f55fa"
      url: "https://pub.dev"
    source: hosted
    version: "0.7.1+4"
  fwfh_just_audio:
    dependency: transitive
    description:
      name: fwfh_just_audio
      sha256: "237b93a4cb9f0495a4b51940f361adda2a5abd57231dd44f07459db00144a6cd"
      url: "https://pub.dev"
    source: hosted
    version: "0.9.0+3"
  fwfh_svg:
    dependency: transitive
    description:
      name: fwfh_svg
      sha256: "556df67faf76b98c76dba144daf9fa9b3e874670e35b0a02d918402f8b8e98f5"
      url: "https://pub.dev"
    source: hosted
    version: "0.7.2+1"
  fwfh_text_style:
    dependency: transitive
    description:
      name: fwfh_text_style
      sha256: "5f8b587fd223a6bf14aad3d3da5e7ced0628becbd0768f8e7ae25ff6b9f3d2ec"
      url: "https://pub.dev"
    source: hosted
    version: "2.23.8"
  fwfh_url_launcher:
    dependency: transitive
    description:
      name: fwfh_url_launcher
      sha256: b9f5d55a5ae2c2c07243ba33f7ba49ac9544bdb2f4c16d8139df9ccbebe3449c
      url: "https://pub.dev"
    source: hosted
    version: "0.9.1"
  fwfh_webview:
    dependency: transitive
    description:
      name: fwfh_webview
      sha256: "7ebd3dff551d7281dd3fbb9f5523a8455592665ff75459ca84871ebbebe864a8"
      url: "https://pub.dev"
    source: hosted
    version: "0.7.0+2"
  get_ip_address:
    dependency: "direct main"
    description:
      name: get_ip_address
      sha256: ad7b1ca2b6f03a247a59bc7dd7e170e495b703b01185dfbb24ae89111531d514
      url: "https://pub.dev"
    source: hosted
    version: "0.0.7"
  html:
    dependency: transitive
    description:
      name: html
      sha256: "3a7812d5bcd2894edf53dfaf8cd640876cf6cef50a8f238745c8b8120ea74d3a"
      url: "https://pub.dev"
    source: hosted
    version: "0.15.4"
  http:
    dependency: "direct main"
    description:
      name: http
      sha256: b9c29a161230ee03d3ccf545097fccd9b87a5264228c5d348202e0f0c28f9010
      url: "https://pub.dev"
    source: hosted
    version: "1.2.2"
  http_parser:
    dependency: transitive
    description:
      name: http_parser
      sha256: "2aa08ce0341cc9b354a498388e30986515406668dbcc4f7c950c3e715496693b"
      url: "https://pub.dev"
    source: hosted
    version: "4.0.2"
  image:
    dependency: transitive
    description:
      name: image
      sha256: "2237616a36c0d69aef7549ab439b833fb7f9fb9fc861af2cc9ac3eedddd69ca8"
      url: "https://pub.dev"
    source: hosted
    version: "4.2.0"
  intl:
    dependency: "direct main"
    description:
      name: intl
      sha256: "3bc132a9dbce73a7e4a21a17d06e1878839ffbf975568bc875c60537824b0c4d"
      url: "https://pub.dev"
    source: hosted
    version: "0.18.1"
  js:
    dependency: transitive
    description:
      name: js
      sha256: f2c445dce49627136094980615a031419f7f3eb393237e4ecd97ac15dea343f3
      url: "https://pub.dev"
    source: hosted
    version: "0.6.7"
  json_annotation:
    dependency: transitive
    description:
      name: json_annotation
      sha256: "1ce844379ca14835a50d2f019a3099f419082cfdd231cd86a142af94dd5c6bb1"
      url: "https://pub.dev"
    source: hosted
    version: "4.9.0"
  just_audio:
    dependency: transitive
    description:
      name: just_audio
      sha256: ee50602364ba83fa6308f5512dd560c713ec3e1f2bc75f0db43618f0d82ef71a
      url: "https://pub.dev"
    source: hosted
    version: "0.9.39"
  just_audio_platform_interface:
    dependency: transitive
    description:
      name: just_audio_platform_interface
      sha256: "0243828cce503c8366cc2090cefb2b3c871aa8ed2f520670d76fd47aa1ab2790"
      url: "https://pub.dev"
    source: hosted
    version: "4.3.0"
  just_audio_web:
    dependency: transitive
    description:
      name: just_audio_web
      sha256: "0edb481ad4aa1ff38f8c40f1a3576013c3420bf6669b686fe661627d49bc606c"
      url: "https://pub.dev"
    source: hosted
    version: "0.4.11"
  kakao_flutter_sdk:
    dependency: "direct main"
    description:
      name: kakao_flutter_sdk
      sha256: f888c8eda7fb21b06eb9654171197963f4a6d19674d1b73edaf0c3299d3bb7c1
      url: "https://pub.dev"
    source: hosted
    version: "1.9.5"
  kakao_flutter_sdk_auth:
    dependency: transitive
    description:
      name: kakao_flutter_sdk_auth
      sha256: "409c99c2bffe58f3be9078e6d4b25f64c7a789ef72110d6b8951e3e88e65e06a"
      url: "https://pub.dev"
    source: hosted
    version: "1.9.5"
  kakao_flutter_sdk_common:
    dependency: transitive
    description:
      name: kakao_flutter_sdk_common
      sha256: "1bbfd232830732f92d5837de6f9085c678059f42f075f80433ae2986fe8ea598"
      url: "https://pub.dev"
    source: hosted
    version: "1.9.5"
  kakao_flutter_sdk_friend:
    dependency: transitive
    description:
      name: kakao_flutter_sdk_friend
      sha256: "8d0cc91ab6542e50516a41fde8d159eaa9875a90c325399fb071012cae95c5bf"
      url: "https://pub.dev"
    source: hosted
    version: "1.9.5"
  kakao_flutter_sdk_navi:
    dependency: transitive
    description:
      name: kakao_flutter_sdk_navi
      sha256: "89339e93650f131be0e5b4005113dbc8c50c5d6c519afbc6c2dad6562c552942"
      url: "https://pub.dev"
    source: hosted
    version: "1.9.5"
  kakao_flutter_sdk_share:
    dependency: "direct main"
    description:
      name: kakao_flutter_sdk_share
      sha256: a586c96fbc20e652ff21df0c770ecffcd459766e41ecd7ebd8768a758aae215e
      url: "https://pub.dev"
    source: hosted
    version: "1.9.5"
  kakao_flutter_sdk_talk:
    dependency: transitive
    description:
      name: kakao_flutter_sdk_talk
      sha256: "218b9f0a085732b689846412f6f4c15c9d5b5ddd168dbfc31dd809991e5b48da"
      url: "https://pub.dev"
    source: hosted
    version: "1.9.5"
  kakao_flutter_sdk_template:
    dependency: transitive
    description:
      name: kakao_flutter_sdk_template
      sha256: bb17715d91b37058ac64f441b98bf8326a6677e660ff49cc08cb13db4da46e83
      url: "https://pub.dev"
    source: hosted
    version: "1.9.5"
  kakao_flutter_sdk_user:
    dependency: transitive
    description:
      name: kakao_flutter_sdk_user
      sha256: "17037c3b0d7812b5438bcd6a58907a28f7603e8615c3f5ce2b3f1f38129df800"
      url: "https://pub.dev"
    source: hosted
    version: "1.9.5"
  keyboard_actions:
    dependency: "direct main"
    description:
      name: keyboard_actions
      sha256: "31e0ab2a706ac8f58887efa60efc1f19aecdf37d8ab0f665a0f156d1fbeab650"
      url: "https://pub.dev"
    source: hosted
    version: "4.2.0"
  leak_tracker:
    dependency: transitive
    description:
      name: leak_tracker
      sha256: "7f0df31977cb2c0b88585095d168e689669a2cc9b97c309665e3386f3e9d341a"
      url: "https://pub.dev"
    source: hosted
    version: "10.0.4"
  leak_tracker_flutter_testing:
    dependency: transitive
    description:
      name: leak_tracker_flutter_testing
      sha256: "06e98f569d004c1315b991ded39924b21af84cf14cc94791b8aea337d25b57f8"
      url: "https://pub.dev"
    source: hosted
    version: "3.0.3"
  leak_tracker_testing:
    dependency: transitive
    description:
      name: leak_tracker_testing
      sha256: "6ba465d5d76e67ddf503e1161d1f4a6bc42306f9d66ca1e8f079a47290fb06d3"
      url: "https://pub.dev"
    source: hosted
    version: "3.0.1"
  lint:
    dependency: "direct main"
    description:
      name: lint
      sha256: d758a5211fce7fd3f5e316f804daefecdc34c7e53559716125e6da7388ae8565
      url: "https://pub.dev"
    source: hosted
    version: "2.3.0"
  lints:
    dependency: transitive
    description:
      name: lints
      sha256: cbf8d4b858bb0134ef3ef87841abdf8d63bfc255c266b7bf6b39daa1085c4290
      url: "https://pub.dev"
    source: hosted
    version: "3.0.0"
  matcher:
    dependency: transitive
    description:
      name: matcher
      sha256: d2323aa2060500f906aa31a895b4030b6da3ebdcc5619d14ce1aada65cd161cb
      url: "https://pub.dev"
    source: hosted
    version: "0.12.16+1"
  material_color_utilities:
    dependency: transitive
    description:
      name: material_color_utilities
      sha256: "0e0a020085b65b6083975e499759762399b4475f766c21668c4ecca34ea74e5a"
      url: "https://pub.dev"
    source: hosted
    version: "0.8.0"
  meta:
    dependency: transitive
    description:
      name: meta
      sha256: "7687075e408b093f36e6bbf6c91878cc0d4cd10f409506f7bc996f68220b9136"
      url: "https://pub.dev"
    source: hosted
    version: "1.12.0"
  nested:
    dependency: transitive
    description:
      name: nested
      sha256: "03bac4c528c64c95c722ec99280375a6f2fc708eec17c7b3f07253b626cd2a20"
      url: "https://pub.dev"
    source: hosted
    version: "1.0.0"
  octo_image:
    dependency: transitive
    description:
      name: octo_image
      sha256: "34faa6639a78c7e3cbe79be6f9f96535867e879748ade7d17c9b1ae7536293bd"
      url: "https://pub.dev"
    source: hosted
    version: "2.1.0"
  package_info_plus:
    dependency: "direct main"
    description:
      name: package_info_plus
      sha256: "7e76fad405b3e4016cd39d08f455a4eb5199723cf594cd1b8916d47140d93017"
      url: "https://pub.dev"
    source: hosted
    version: "4.2.0"
  package_info_plus_platform_interface:
    dependency: transitive
    description:
      name: package_info_plus_platform_interface
      sha256: "9bc8ba46813a4cc42c66ab781470711781940780fd8beddd0c3da62506d3a6c6"
      url: "https://pub.dev"
    source: hosted
    version: "2.0.1"
  page_view_dot_indicator:
    dependency: "direct main"
    description:
      name: page_view_dot_indicator
      sha256: "32d73b9de221339a371a229f547eb9cbb6f8114b8770e76a104fb4c30e39cf22"
      url: "https://pub.dev"
    source: hosted
    version: "2.3.0"
  page_view_indicators:
    dependency: "direct main"
    description:
      name: page_view_indicators
      sha256: d2ebf6c26d1b065f137e88a2b88181dea6b96d7a34abe9a237fbf214888d0f3f
      url: "https://pub.dev"
    source: hosted
    version: "2.0.0"
  path:
    dependency: transitive
    description:
      name: path
      sha256: "087ce49c3f0dc39180befefc60fdb4acd8f8620e5682fe2476afd0b3688bb4af"
      url: "https://pub.dev"
    source: hosted
    version: "1.9.0"
  path_drawing:
    dependency: transitive
    description:
      name: path_drawing
      sha256: bbb1934c0cbb03091af082a6389ca2080345291ef07a5fa6d6e078ba8682f977
      url: "https://pub.dev"
    source: hosted
    version: "1.0.1"
  path_parsing:
    dependency: transitive
    description:
      name: path_parsing
      sha256: e3e67b1629e6f7e8100b367d3db6ba6af4b1f0bb80f64db18ef1fbabd2fa9ccf
      url: "https://pub.dev"
    source: hosted
    version: "1.0.1"
  path_provider:
    dependency: "direct main"
    description:
      name: path_provider
      sha256: fec0d61223fba3154d87759e3cc27fe2c8dc498f6386c6d6fc80d1afdd1bf378
      url: "https://pub.dev"
    source: hosted
    version: "2.1.4"
  path_provider_android:
    dependency: transitive
    description:
      name: path_provider_android
      sha256: "490539678396d4c3c0b06efdaab75ae60675c3e0c66f72bc04c2e2c1e0e2abeb"
      url: "https://pub.dev"
    source: hosted
    version: "2.2.9"
  path_provider_foundation:
    dependency: transitive
    description:
      name: path_provider_foundation
      sha256: f234384a3fdd67f989b4d54a5d73ca2a6c422fa55ae694381ae0f4375cd1ea16
      url: "https://pub.dev"
    source: hosted
    version: "2.4.0"
  path_provider_linux:
    dependency: transitive
    description:
      name: path_provider_linux
      sha256: f7a1fe3a634fe7734c8d3f2766ad746ae2a2884abe22e241a8b301bf5cac3279
      url: "https://pub.dev"
    source: hosted
    version: "2.2.1"
  path_provider_platform_interface:
    dependency: transitive
    description:
      name: path_provider_platform_interface
      sha256: "88f5779f72ba699763fa3a3b06aa4bf6de76c8e5de842cf6f29e2e06476c2334"
      url: "https://pub.dev"
    source: hosted
    version: "2.1.2"
  path_provider_windows:
    dependency: transitive
    description:
      name: path_provider_windows
      sha256: bd6f00dbd873bfb70d0761682da2b3a2c2fccc2b9e84c495821639601d81afe7
      url: "https://pub.dev"
    source: hosted
    version: "2.3.0"
  permission_handler:
    dependency: "direct main"
    description:
      name: permission_handler
      sha256: "18bf33f7fefbd812f37e72091a15575e72d5318854877e0e4035a24ac1113ecb"
      url: "https://pub.dev"
    source: hosted
    version: "11.3.1"
  permission_handler_android:
    dependency: transitive
    description:
      name: permission_handler_android
      sha256: eaf2a1ec4472775451e88ca6a7b86559ef2f1d1ed903942ed135e38ea0097dca
      url: "https://pub.dev"
    source: hosted
    version: "12.0.8"
  permission_handler_apple:
    dependency: transitive
    description:
      name: permission_handler_apple
      sha256: e6f6d73b12438ef13e648c4ae56bd106ec60d17e90a59c4545db6781229082a0
      url: "https://pub.dev"
    source: hosted
    version: "9.4.5"
  permission_handler_html:
    dependency: transitive
    description:
      name: permission_handler_html
      sha256: "6cac773d389e045a8d4f85418d07ad58ef9e42a56e063629ce14c4c26344de24"
      url: "https://pub.dev"
    source: hosted
    version: "0.1.2"
  permission_handler_platform_interface:
    dependency: transitive
    description:
      name: permission_handler_platform_interface
      sha256: fe0ffe274d665be8e34f9c59705441a7d248edebbe5d9e3ec2665f88b79358ea
      url: "https://pub.dev"
    source: hosted
    version: "4.2.2"
  permission_handler_windows:
    dependency: transitive
    description:
      name: permission_handler_windows
      sha256: "1a790728016f79a41216d88672dbc5df30e686e811ad4e698bfc51f76ad91f1e"
      url: "https://pub.dev"
    source: hosted
    version: "0.2.1"
  petitparser:
    dependency: transitive
    description:
      name: petitparser
      sha256: c15605cd28af66339f8eb6fbe0e541bfe2d1b72d5825efc6598f3e0a31b9ad27
      url: "https://pub.dev"
    source: hosted
    version: "6.0.2"
  platform:
    dependency: transitive
    description:
      name: platform
      sha256: "9b71283fc13df574056616011fb138fd3b793ea47cc509c189a6c3fa5f8a1a65"
      url: "https://pub.dev"
    source: hosted
    version: "3.1.5"
  plugin_platform_interface:
    dependency: transitive
    description:
      name: plugin_platform_interface
      sha256: "4820fbfdb9478b1ebae27888254d445073732dae3d6ea81f0b7e06d5dedc3f02"
      url: "https://pub.dev"
    source: hosted
    version: "2.1.8"
  pointycastle:
    dependency: transitive
    description:
      name: pointycastle
      sha256: "4be0097fcf3fd3e8449e53730c631200ebc7b88016acecab2b0da2f0149222fe"
      url: "https://pub.dev"
    source: hosted
    version: "3.9.1"
  provider:
    dependency: "direct main"
    description:
      name: provider
      sha256: c8a055ee5ce3fd98d6fc872478b03823ffdb448699c6ebdbbc71d59b596fd48c
      url: "https://pub.dev"
    source: hosted
    version: "6.1.2"
  root:
    dependency: "direct main"
    description:
      name: root
      sha256: "2134e95097f08e15bef83fc6d80dd072674177626f51f25bd41f6f7ede1433bb"
      url: "https://pub.dev"
    source: hosted
    version: "2.0.4"
  rxdart:
    dependency: transitive
    description:
      name: rxdart
      sha256: "5c3004a4a8dbb94bd4bf5412a4def4acdaa12e12f269737a5751369e12d1a962"
      url: "https://pub.dev"
    source: hosted
    version: "0.28.0"
  shared_preferences:
    dependency: "direct main"
    description:
      name: shared_preferences
      sha256: c272f9cabca5a81adc9b0894381e9c1def363e980f960fa903c604c471b22f68
      url: "https://pub.dev"
    source: hosted
    version: "2.3.1"
  shared_preferences_android:
    dependency: transitive
    description:
      name: shared_preferences_android
      sha256: "041be4d9d2dc6079cf342bc8b761b03787e3b71192d658220a56cac9c04a0294"
      url: "https://pub.dev"
    source: hosted
    version: "2.3.0"
  shared_preferences_foundation:
    dependency: transitive
    description:
      name: shared_preferences_foundation
      sha256: "671e7a931f55a08aa45be2a13fe7247f2a41237897df434b30d2012388191833"
      url: "https://pub.dev"
    source: hosted
    version: "2.5.0"
  shared_preferences_linux:
    dependency: transitive
    description:
      name: shared_preferences_linux
      sha256: "2ba0510d3017f91655b7543e9ee46d48619de2a2af38e5c790423f7007c7ccc1"
      url: "https://pub.dev"
    source: hosted
    version: "2.4.0"
  shared_preferences_platform_interface:
    dependency: transitive
    description:
      name: shared_preferences_platform_interface
      sha256: "57cbf196c486bc2cf1f02b85784932c6094376284b3ad5779d1b1c6c6a816b80"
      url: "https://pub.dev"
    source: hosted
    version: "2.4.1"
  shared_preferences_web:
    dependency: transitive
    description:
      name: shared_preferences_web
      sha256: "59dc807b94d29d52ddbb1b3c0d3b9d0a67fc535a64e62a5542c8db0513fcb6c2"
      url: "https://pub.dev"
    source: hosted
    version: "2.4.1"
  shared_preferences_windows:
    dependency: transitive
    description:
      name: shared_preferences_windows
      sha256: "398084b47b7f92110683cac45c6dc4aae853db47e470e5ddcd52cab7f7196ab2"
      url: "https://pub.dev"
    source: hosted
    version: "2.4.0"
  shimmer:
    dependency: "direct main"
    description:
      name: shimmer
      sha256: "5f88c883a22e9f9f299e5ba0e4f7e6054857224976a5d9f839d4ebdc94a14ac9"
      url: "https://pub.dev"
    source: hosted
    version: "3.0.0"
  sign_in_with_apple:
    dependency: "direct main"
    description:
      name: sign_in_with_apple
      sha256: "0975c23b9f8b30a80e27d5659a75993a093d4cb5f4eb7d23a9ccc586fea634e0"
      url: "https://pub.dev"
    source: hosted
    version: "5.0.0"
  sign_in_with_apple_platform_interface:
    dependency: transitive
    description:
      name: sign_in_with_apple_platform_interface
      sha256: c2ef2ce6273fce0c61acd7e9ff5be7181e33d7aa2b66508b39418b786cca2119
      url: "https://pub.dev"
    source: hosted
    version: "1.1.0"
  sign_in_with_apple_web:
    dependency: transitive
    description:
      name: sign_in_with_apple_web
      sha256: "44b66528f576e77847c14999d5e881e17e7223b7b0625a185417829e5306f47a"
      url: "https://pub.dev"
    source: hosted
    version: "1.0.1"
  sky_engine:
    dependency: transitive
    description: flutter
    source: sdk
    version: "0.0.99"
  source_span:
    dependency: transitive
    description:
      name: source_span
      sha256: "53e943d4206a5e30df338fd4c6e7a077e02254531b138a15aec3bd143c1a8b3c"
      url: "https://pub.dev"
    source: hosted
    version: "1.10.0"
  sprintf:
    dependency: transitive
    description:
      name: sprintf
      sha256: "1fc9ffe69d4df602376b52949af107d8f5703b77cda567c4d7d86a0693120f23"
      url: "https://pub.dev"
    source: hosted
    version: "7.0.0"
  sqflite:
    dependency: "direct main"
    description:
      name: sqflite
      sha256: a43e5a27235518c03ca238e7b4732cf35eabe863a369ceba6cbefa537a66f16d
      url: "https://pub.dev"
    source: hosted
    version: "2.3.3+1"
  sqflite_common:
    dependency: transitive
    description:
      name: sqflite_common
      sha256: "3da423ce7baf868be70e2c0976c28a1bb2f73644268b7ffa7d2e08eab71f16a4"
      url: "https://pub.dev"
    source: hosted
    version: "2.5.4"
  stack_trace:
    dependency: transitive
    description:
      name: stack_trace
      sha256: "73713990125a6d93122541237550ee3352a2d84baad52d375a4cad2eb9b7ce0b"
      url: "https://pub.dev"
    source: hosted
    version: "1.11.1"
  stream_channel:
    dependency: transitive
    description:
      name: stream_channel
      sha256: ba2aa5d8cc609d96bbb2899c28934f9e1af5cddbd60a827822ea467161eb54e7
      url: "https://pub.dev"
    source: hosted
    version: "2.1.2"
  string_scanner:
    dependency: transitive
    description:
      name: string_scanner
      sha256: "556692adab6cfa87322a115640c11f13cb77b3f076ddcc5d6ae3c20242bedcde"
      url: "https://pub.dev"
    source: hosted
    version: "1.2.0"
  synchronized:
    dependency: transitive
    description:
      name: synchronized
      sha256: "539ef412b170d65ecdafd780f924e5be3f60032a1128df156adad6c5b373d558"
      url: "https://pub.dev"
    source: hosted
    version: "3.1.0+1"
  term_glyph:
    dependency: transitive
    description:
      name: term_glyph
      sha256: a29248a84fbb7c79282b40b8c72a1209db169a2e0542bce341da992fe1bc7e84
      url: "https://pub.dev"
    source: hosted
    version: "1.2.1"
  test_api:
    dependency: transitive
    description:
      name: test_api
      sha256: "9955ae474176f7ac8ee4e989dadfb411a58c30415bcfb648fa04b2b8a03afa7f"
      url: "https://pub.dev"
    source: hosted
    version: "0.7.0"
  timezone:
    dependency: transitive
    description:
      name: timezone
      sha256: "2236ec079a174ce07434e89fcd3fcda430025eb7692244139a9cf54fdcf1fc7d"
      url: "https://pub.dev"
    source: hosted
    version: "0.9.4"
  tosspayments_sdk_flutter:
    dependency: "direct main"
    description:
      name: tosspayments_sdk_flutter
      sha256: bb66397f165fe3408fcd6cb9b340814ecab1d035d22fc44812a0282f1d73cc0b
      url: "https://pub.dev"
    source: hosted
    version: "0.1.11"
  tosspayments_webview_flutter:
    dependency: transitive
    description:
      name: tosspayments_webview_flutter
      sha256: "19c74060bf5fc04847729cef5de87f68615e06d8ba4e9588e4020f544db62fd6"
      url: "https://pub.dev"
    source: hosted
    version: "1.0.0"
  transition:
    dependency: "direct main"
    description:
      name: transition
      sha256: "6765ff4c9d6058eaa703022a6490d7cb134a5109d888bb5eb01b3adf0d88eb6b"
      url: "https://pub.dev"
    source: hosted
    version: "2.0.2"
  typed_data:
    dependency: transitive
    description:
      name: typed_data
      sha256: facc8d6582f16042dd49f2463ff1bd6e2c9ef9f3d5da3d9b087e244a7b564b3c
      url: "https://pub.dev"
    source: hosted
    version: "1.3.2"
  uni_links:
    dependency: "direct main"
    description:
      name: uni_links
      sha256: "051098acfc9e26a9fde03b487bef5d3d228ca8f67693480c6f33fd4fbb8e2b6e"
      url: "https://pub.dev"
    source: hosted
    version: "0.5.1"
  uni_links_platform_interface:
    dependency: transitive
    description:
      name: uni_links_platform_interface
      sha256: "929cf1a71b59e3b7c2d8a2605a9cf7e0b125b13bc858e55083d88c62722d4507"
      url: "https://pub.dev"
    source: hosted
    version: "1.0.0"
  uni_links_web:
    dependency: transitive
    description:
      name: uni_links_web
      sha256: "7539db908e25f67de2438e33cc1020b30ab94e66720b5677ba6763b25f6394df"
      url: "https://pub.dev"
    source: hosted
    version: "0.1.0"
  universal_io:
    dependency: transitive
    description:
      name: universal_io
      sha256: "1722b2dcc462b4b2f3ee7d188dad008b6eb4c40bbd03a3de451d82c78bba9aad"
      url: "https://pub.dev"
    source: hosted
    version: "2.2.2"
  url_launcher:
    dependency: "direct main"
    description:
      name: url_launcher
      sha256: "21b704ce5fa560ea9f3b525b43601c678728ba46725bab9b01187b4831377ed3"
      url: "https://pub.dev"
    source: hosted
    version: "6.3.0"
  url_launcher_android:
    dependency: transitive
    description:
      name: url_launcher_android
      sha256: "94d8ad05f44c6d4e2ffe5567ab4d741b82d62e3c8e288cc1fcea45965edf47c9"
      url: "https://pub.dev"
    source: hosted
    version: "6.3.8"
  url_launcher_ios:
    dependency: transitive
    description:
      name: url_launcher_ios
      sha256: e43b677296fadce447e987a2f519dcf5f6d1e527dc35d01ffab4fff5b8a7063e
      url: "https://pub.dev"
    source: hosted
    version: "6.3.1"
  url_launcher_linux:
    dependency: transitive
    description:
      name: url_launcher_linux
      sha256: e2b9622b4007f97f504cd64c0128309dfb978ae66adbe944125ed9e1750f06af
      url: "https://pub.dev"
    source: hosted
    version: "3.2.0"
  url_launcher_macos:
    dependency: transitive
    description:
      name: url_launcher_macos
      sha256: "9a1a42d5d2d95400c795b2914c36fdcb525870c752569438e4ebb09a2b5d90de"
      url: "https://pub.dev"
    source: hosted
    version: "3.2.0"
  url_launcher_platform_interface:
    dependency: transitive
    description:
      name: url_launcher_platform_interface
      sha256: "552f8a1e663569be95a8190206a38187b531910283c3e982193e4f2733f01029"
      url: "https://pub.dev"
    source: hosted
    version: "2.3.2"
  url_launcher_web:
    dependency: transitive
    description:
      name: url_launcher_web
      sha256: "772638d3b34c779ede05ba3d38af34657a05ac55b06279ea6edd409e323dca8e"
      url: "https://pub.dev"
    source: hosted
    version: "2.3.3"
  url_launcher_windows:
    dependency: transitive
    description:
      name: url_launcher_windows
      sha256: "49c10f879746271804767cb45551ec5592cdab00ee105c06dddde1a98f73b185"
      url: "https://pub.dev"
    source: hosted
    version: "3.1.2"
  uuid:
    dependency: transitive
    description:
      name: uuid
      sha256: "83d37c7ad7aaf9aa8e275490669535c8080377cfa7a7004c24dfac53afffaa90"
      url: "https://pub.dev"
    source: hosted
    version: "4.4.2"
  vector_math:
    dependency: transitive
    description:
      name: vector_math
      sha256: "80b3257d1492ce4d091729e3a67a60407d227c27241d6927be0130c98e741803"
      url: "https://pub.dev"
    source: hosted
    version: "2.1.4"
  video_player:
    dependency: transitive
    description:
      name: video_player
      sha256: e30df0d226c4ef82e2c150ebf6834b3522cf3f654d8e2f9419d376cdc071425d
      url: "https://pub.dev"
    source: hosted
    version: "2.9.1"
  video_player_android:
    dependency: transitive
    description:
      name: video_player_android
      sha256: "4de50df9ee786f5891d3281e1e633d7b142ef1acf47392592eb91cba5d355849"
      url: "https://pub.dev"
    source: hosted
    version: "2.6.0"
  video_player_avfoundation:
    dependency: transitive
    description:
      name: video_player_avfoundation
      sha256: d1e9a824f2b324000dc8fb2dcb2a3285b6c1c7c487521c63306cc5b394f68a7c
      url: "https://pub.dev"
    source: hosted
    version: "2.6.1"
  video_player_platform_interface:
    dependency: transitive
    description:
      name: video_player_platform_interface
      sha256: "236454725fafcacf98f0f39af0d7c7ab2ce84762e3b63f2cbb3ef9a7e0550bc6"
      url: "https://pub.dev"
    source: hosted
    version: "6.2.2"
  video_player_web:
    dependency: transitive
    description:
      name: video_player_web
      sha256: "6dcdd298136523eaf7dfc31abaf0dfba9aa8a8dbc96670e87e9d42b6f2caf774"
      url: "https://pub.dev"
    source: hosted
    version: "2.3.2"
  visibility_detector:
    dependency: "direct main"
    description:
      name: visibility_detector
      sha256: dd5cc11e13494f432d15939c3aa8ae76844c42b723398643ce9addb88a5ed420
      url: "https://pub.dev"
    source: hosted
    version: "0.4.0+2"
  vm_service:
    dependency: transitive
    description:
      name: vm_service
      sha256: "3923c89304b715fb1eb6423f017651664a03bf5f4b29983627c4da791f74a4ec"
      url: "https://pub.dev"
    source: hosted
    version: "14.2.1"
  wakelock_plus:
    dependency: transitive
    description:
      name: wakelock_plus
      sha256: "104d94837bb28c735894dcd592877e990149c380e6358b00c04398ca1426eed4"
      url: "https://pub.dev"
    source: hosted
    version: "1.2.1"
  wakelock_plus_platform_interface:
    dependency: transitive
    description:
      name: wakelock_plus_platform_interface
      sha256: "422d1cdbb448079a8a62a5a770b69baa489f8f7ca21aef47800c726d404f9d16"
      url: "https://pub.dev"
    source: hosted
    version: "1.2.1"
  web:
    dependency: transitive
    description:
      name: web
      sha256: "97da13628db363c635202ad97068d47c5b8aa555808e7a9411963c533b449b27"
      url: "https://pub.dev"
    source: hosted
    version: "0.5.1"
  webview_flutter:
    dependency: transitive
    description:
      name: webview_flutter
      sha256: "6869c8786d179f929144b4a1f86e09ac0eddfe475984951ea6c634774c16b522"
      url: "https://pub.dev"
    source: hosted
    version: "4.8.0"
  webview_flutter_android:
    dependency: transitive
    description:
      name: webview_flutter_android
      sha256: c66651fba15f9d7ddd31daec42da8d6bce46c85610a7127e3ebcb39a4395c3c9
      url: "https://pub.dev"
    source: hosted
    version: "3.16.6"
  webview_flutter_platform_interface:
    dependency: transitive
    description:
      name: webview_flutter_platform_interface
      sha256: d937581d6e558908d7ae3dc1989c4f87b786891ab47bb9df7de548a151779d8d
      url: "https://pub.dev"
    source: hosted
    version: "2.10.0"
  webview_flutter_wkwebview:
    dependency: transitive
    description:
      name: webview_flutter_wkwebview
      sha256: "9c62cc46fa4f2d41e10ab81014c1de470a6c6f26051a2de32111b2ee55287feb"
      url: "https://pub.dev"
    source: hosted
    version: "3.14.0"
  win32:
    dependency: transitive
    description:
      name: win32
      sha256: "015002c060f1ae9f41a818f2d5640389cc05283e368be19dc8d77cecb43c40c9"
      url: "https://pub.dev"
    source: hosted
    version: "5.5.3"
  xdg_directories:
    dependency: transitive
    description:
      name: xdg_directories
      sha256: faea9dee56b520b55a566385b84f2e8de55e7496104adada9962e0bd11bcff1d
      url: "https://pub.dev"
    source: hosted
    version: "1.0.4"
  xml:
    dependency: transitive
    description:
      name: xml
      sha256: b015a8ad1c488f66851d762d3090a21c600e479dc75e68328c52774040cf9226
      url: "https://pub.dev"
    source: hosted
    version: "6.5.0"
  yaml:
    dependency: transitive
    description:
      name: yaml
      sha256: "75769501ea3489fca56601ff33454fe45507ea3bfb014161abc3b43ae25989d5"
      url: "https://pub.dev"
    source: hosted
    version: "3.1.2"
sdks:
  dart: ">=3.4.4 <4.0.0"
  flutter: ">=3.22.0"
